
Microsoft Visual Studio Solution File, Format Version 12.00
# Visual Studio Version 17
VisualStudioVersion = 17.0.31903.59
MinimumVisualStudioVersion = 10.0.40219.1
Project("{FAE04EC0-301F-11D3-BF4B-00C04F79EFBC}") = "Api", "Api\Api.csproj", "{5F0F9892-90F3-49C0-89F4-95C85C98D74A}"
EndProject
Project("{FAE04EC0-301F-11D3-BF4B-00C04F79EFBC}") = "Application", "Application\Application.csproj", "{C17DA944-F150-4BBD-A592-EC4AADFEB099}"
EndProject
Project("{FAE04EC0-301F-11D3-BF4B-00C04F79EFBC}") = "Domain", "Domain\Domain.csproj", "{355D008E-3BF8-4B07-B2E0-22B784B540C5}"
EndProject
Project("{FAE04EC0-301F-11D3-BF4B-00C04F79EFBC}") = "Infrastructure", "Infrastructure\Infrastructure.csproj", "{E7281854-4159-4D79-80FC-28B5C57F026C}"
EndProject
Project("{FAE04EC0-301F-11D3-BF4B-00C04F79EFBC}") = "Api.Tests", "Api\tests\Api.Tests.csproj", "{4E2BD5B5-28C4-4EDD-B6EF-C58D4D5BAF99}"
EndProject
Project("{FAE04EC0-301F-11D3-BF4B-00C04F79EFBC}") = "Application.Tests", "Application\tests\Application.Tests.csproj", "{AD244C4D-C9A3-4A51-B3B5-81E0BA6CE247}"
EndProject
Project("{FAE04EC0-301F-11D3-BF4B-00C04F79EFBC}") = "Domain.Tests", "Domain\tests\Domain.Tests.csproj", "{C536FEF7-A073-496A-B5E9-1133C5252B42}"
EndProject
Project("{FAE04EC0-301F-11D3-BF4B-00C04F79EFBC}") = "Infrastructure.Tests", "Infrastructure\tests\Infrastructure.Tests.csproj", "{4452FF64-21EA-444D-BD8A-50CABD694341}"
EndProject
Global
	GlobalSection(SolutionConfigurationPlatforms) = preSolution
		Debug|Any CPU = Debug|Any CPU
		Debug|x64 = Debug|x64
		Debug|x86 = Debug|x86
		Release|Any CPU = Release|Any CPU
		Release|x64 = Release|x64
		Release|x86 = Release|x86
	EndGlobalSection
	GlobalSection(ProjectConfigurationPlatforms) = postSolution
		{5F0F9892-90F3-49C0-89F4-95C85C98D74A}.Debug|Any CPU.ActiveCfg = Debug|Any CPU
		{5F0F9892-90F3-49C0-89F4-95C85C98D74A}.Debug|Any CPU.Build.0 = Debug|Any CPU
		{5F0F9892-90F3-49C0-89F4-95C85C98D74A}.Debug|x64.ActiveCfg = Debug|Any CPU
		{5F0F9892-90F3-49C0-89F4-95C85C98D74A}.Debug|x64.Build.0 = Debug|Any CPU
		{5F0F9892-90F3-49C0-89F4-95C85C98D74A}.Debug|x86.ActiveCfg = Debug|Any CPU
		{5F0F9892-90F3-49C0-89F4-95C85C98D74A}.Debug|x86.Build.0 = Debug|Any CPU
		{5F0F9892-90F3-49C0-89F4-95C85C98D74A}.Release|Any CPU.ActiveCfg = Release|Any CPU
		{5F0F9892-90F3-49C0-89F4-95C85C98D74A}.Release|Any CPU.Build.0 = Release|Any CPU
		{5F0F9892-90F3-49C0-89F4-95C85C98D74A}.Release|x64.ActiveCfg = Release|Any CPU
		{5F0F9892-90F3-49C0-89F4-95C85C98D74A}.Release|x64.Build.0 = Release|Any CPU
		{5F0F9892-90F3-49C0-89F4-95C85C98D74A}.Release|x86.ActiveCfg = Release|Any CPU
		{5F0F9892-90F3-49C0-89F4-95C85C98D74A}.Release|x86.Build.0 = Release|Any CPU
		{C17DA944-F150-4BBD-A592-EC4AADFEB099}.Debug|Any CPU.ActiveCfg = Debug|Any CPU
		{C17DA944-F150-4BBD-A592-EC4AADFEB099}.Debug|Any CPU.Build.0 = Debug|Any CPU
		{C17DA944-F150-4BBD-A592-EC4AADFEB099}.Debug|x64.ActiveCfg = Debug|Any CPU
		{C17DA944-F150-4BBD-A592-EC4AADFEB099}.Debug|x64.Build.0 = Debug|Any CPU
		{C17DA944-F150-4BBD-A592-EC4AADFEB099}.Debug|x86.ActiveCfg = Debug|Any CPU
		{C17DA944-F150-4BBD-A592-EC4AADFEB099}.Debug|x86.Build.0 = Debug|Any CPU
		{C17DA944-F150-4BBD-A592-EC4AADFEB099}.Release|Any CPU.ActiveCfg = Release|Any CPU
		{C17DA944-F150-4BBD-A592-EC4AADFEB099}.Release|Any CPU.Build.0 = Release|Any CPU
		{C17DA944-F150-4BBD-A592-EC4AADFEB099}.Release|x64.ActiveCfg = Release|Any CPU
		{C17DA944-F150-4BBD-A592-EC4AADFEB099}.Release|x64.Build.0 = Release|Any CPU
		{C17DA944-F150-4BBD-A592-EC4AADFEB099}.Release|x86.ActiveCfg = Release|Any CPU
		{C17DA944-F150-4BBD-A592-EC4AADFEB099}.Release|x86.Build.0 = Release|Any CPU
		{355D008E-3BF8-4B07-B2E0-22B784B540C5}.Debug|Any CPU.ActiveCfg = Debug|Any CPU
		{355D008E-3BF8-4B07-B2E0-22B784B540C5}.Debug|Any CPU.Build.0 = Debug|Any CPU
		{355D008E-3BF8-4B07-B2E0-22B784B540C5}.Debug|x64.ActiveCfg = Debug|Any CPU
		{355D008E-3BF8-4B07-B2E0-22B784B540C5}.Debug|x64.Build.0 = Debug|Any CPU
		{355D008E-3BF8-4B07-B2E0-22B784B540C5}.Debug|x86.ActiveCfg = Debug|Any CPU
		{355D008E-3BF8-4B07-B2E0-22B784B540C5}.Debug|x86.Build.0 = Debug|Any CPU
		{355D008E-3BF8-4B07-B2E0-22B784B540C5}.Release|Any CPU.ActiveCfg = Release|Any CPU
		{355D008E-3BF8-4B07-B2E0-22B784B540C5}.Release|Any CPU.Build.0 = Release|Any CPU
		{355D008E-3BF8-4B07-B2E0-22B784B540C5}.Release|x64.ActiveCfg = Release|Any CPU
		{355D008E-3BF8-4B07-B2E0-22B784B540C5}.Release|x64.Build.0 = Release|Any CPU
		{355D008E-3BF8-4B07-B2E0-22B784B540C5}.Release|x86.ActiveCfg = Release|Any CPU
		{355D008E-3BF8-4B07-B2E0-22B784B540C5}.Release|x86.Build.0 = Release|Any CPU
		{E7281854-4159-4D79-80FC-28B5C57F026C}.Debug|Any CPU.ActiveCfg = Debug|Any CPU
		{E7281854-4159-4D79-80FC-28B5C57F026C}.Debug|Any CPU.Build.0 = Debug|Any CPU
		{E7281854-4159-4D79-80FC-28B5C57F026C}.Debug|x64.ActiveCfg = Debug|Any CPU
		{E7281854-4159-4D79-80FC-28B5C57F026C}.Debug|x64.Build.0 = Debug|Any CPU
		{E7281854-4159-4D79-80FC-28B5C57F026C}.Debug|x86.ActiveCfg = Debug|Any CPU
		{E7281854-4159-4D79-80FC-28B5C57F026C}.Debug|x86.Build.0 = Debug|Any CPU
		{E7281854-4159-4D79-80FC-28B5C57F026C}.Release|Any CPU.ActiveCfg = Release|Any CPU
		{E7281854-4159-4D79-80FC-28B5C57F026C}.Release|Any CPU.Build.0 = Release|Any CPU
		{E7281854-4159-4D79-80FC-28B5C57F026C}.Release|x64.ActiveCfg = Release|Any CPU
		{E7281854-4159-4D79-80FC-28B5C57F026C}.Release|x64.Build.0 = Release|Any CPU
		{E7281854-4159-4D79-80FC-28B5C57F026C}.Release|x86.ActiveCfg = Release|Any CPU
		{E7281854-4159-4D79-80FC-28B5C57F026C}.Release|x86.Build.0 = Release|Any CPU
		{4E2BD5B5-28C4-4EDD-B6EF-C58D4D5BAF99}.Debug|Any CPU.ActiveCfg = Debug|Any CPU
		{4E2BD5B5-28C4-4EDD-B6EF-C58D4D5BAF99}.Debug|Any CPU.Build.0 = Debug|Any CPU
		{4E2BD5B5-28C4-4EDD-B6EF-C58D4D5BAF99}.Debug|x64.ActiveCfg = Debug|Any CPU
		{4E2BD5B5-28C4-4EDD-B6EF-C58D4D5BAF99}.Debug|x64.Build.0 = Debug|Any CPU
		{4E2BD5B5-28C4-4EDD-B6EF-C58D4D5BAF99}.Debug|x86.ActiveCfg = Debug|Any CPU
		{4E2BD5B5-28C4-4EDD-B6EF-C58D4D5BAF99}.Debug|x86.Build.0 = Debug|Any CPU
		{4E2BD5B5-28C4-4EDD-B6EF-C58D4D5BAF99}.Release|Any CPU.ActiveCfg = Release|Any CPU
		{4E2BD5B5-28C4-4EDD-B6EF-C58D4D5BAF99}.Release|Any CPU.Build.0 = Release|Any CPU
		{4E2BD5B5-28C4-4EDD-B6EF-C58D4D5BAF99}.Release|x64.ActiveCfg = Release|Any CPU
		{4E2BD5B5-28C4-4EDD-B6EF-C58D4D5BAF99}.Release|x64.Build.0 = Release|Any CPU
		{4E2BD5B5-28C4-4EDD-B6EF-C58D4D5BAF99}.Release|x86.ActiveCfg = Release|Any CPU
		{4E2BD5B5-28C4-4EDD-B6EF-C58D4D5BAF99}.Release|x86.Build.0 = Release|Any CPU
		{AD244C4D-C9A3-4A51-B3B5-81E0BA6CE247}.Debug|Any CPU.ActiveCfg = Debug|Any CPU
		{AD244C4D-C9A3-4A51-B3B5-81E0BA6CE247}.Debug|Any CPU.Build.0 = Debug|Any CPU
		{AD244C4D-C9A3-4A51-B3B5-81E0BA6CE247}.Debug|x64.ActiveCfg = Debug|Any CPU
		{AD244C4D-C9A3-4A51-B3B5-81E0BA6CE247}.Debug|x64.Build.0 = Debug|Any CPU
		{AD244C4D-C9A3-4A51-B3B5-81E0BA6CE247}.Debug|x86.ActiveCfg = Debug|Any CPU
		{AD244C4D-C9A3-4A51-B3B5-81E0BA6CE247}.Debug|x86.Build.0 = Debug|Any CPU
		{AD244C4D-C9A3-4A51-B3B5-81E0BA6CE247}.Release|Any CPU.ActiveCfg = Release|Any CPU
		{AD244C4D-C9A3-4A51-B3B5-81E0BA6CE247}.Release|Any CPU.Build.0 = Release|Any CPU
		{AD244C4D-C9A3-4A51-B3B5-81E0BA6CE247}.Release|x64.ActiveCfg = Release|Any CPU
		{AD244C4D-C9A3-4A51-B3B5-81E0BA6CE247}.Release|x64.Build.0 = Release|Any CPU
		{AD244C4D-C9A3-4A51-B3B5-81E0BA6CE247}.Release|x86.ActiveCfg = Release|Any CPU
		{AD244C4D-C9A3-4A51-B3B5-81E0BA6CE247}.Release|x86.Build.0 = Release|Any CPU
		{C536FEF7-A073-496A-B5E9-1133C5252B42}.Debug|Any CPU.ActiveCfg = Debug|Any CPU
		{C536FEF7-A073-496A-B5E9-1133C5252B42}.Debug|Any CPU.Build.0 = Debug|Any CPU
		{C536FEF7-A073-496A-B5E9-1133C5252B42}.Debug|x64.ActiveCfg = Debug|Any CPU
		{C536FEF7-A073-496A-B5E9-1133C5252B42}.Debug|x64.Build.0 = Debug|Any CPU
		{C536FEF7-A073-496A-B5E9-1133C5252B42}.Debug|x86.ActiveCfg = Debug|Any CPU
		{C536FEF7-A073-496A-B5E9-1133C5252B42}.Debug|x86.Build.0 = Debug|Any CPU
		{C536FEF7-A073-496A-B5E9-1133C5252B42}.Release|Any CPU.ActiveCfg = Release|Any CPU
		{C536FEF7-A073-496A-B5E9-1133C5252B42}.Release|Any CPU.Build.0 = Release|Any CPU
		{C536FEF7-A073-496A-B5E9-1133C5252B42}.Release|x64.ActiveCfg = Release|Any CPU
		{C536FEF7-A073-496A-B5E9-1133C5252B42}.Release|x64.Build.0 = Release|Any CPU
		{C536FEF7-A073-496A-B5E9-1133C5252B42}.Release|x86.ActiveCfg = Release|Any CPU
		{C536FEF7-A073-496A-B5E9-1133C5252B42}.Release|x86.Build.0 = Release|Any CPU
		{4452FF64-21EA-444D-BD8A-50CABD694341}.Debug|Any CPU.ActiveCfg = Debug|Any CPU
		{4452FF64-21EA-444D-BD8A-50CABD694341}.Debug|Any CPU.Build.0 = Debug|Any CPU
		{4452FF64-21EA-444D-BD8A-50CABD694341}.Debug|x64.ActiveCfg = Debug|Any CPU
		{4452FF64-21EA-444D-BD8A-50CABD694341}.Debug|x64.Build.0 = Debug|Any CPU
		{4452FF64-21EA-444D-BD8A-50CABD694341}.Debug|x86.ActiveCfg = Debug|Any CPU
		{4452FF64-21EA-444D-BD8A-50CABD694341}.Debug|x86.Build.0 = Debug|Any CPU
		{4452FF64-21EA-444D-BD8A-50CABD694341}.Release|Any CPU.ActiveCfg = Release|Any CPU
		{4452FF64-21EA-444D-BD8A-50CABD694341}.Release|Any CPU.Build.0 = Release|Any CPU
		{4452FF64-21EA-444D-BD8A-50CABD694341}.Release|x64.ActiveCfg = Release|Any CPU
		{4452FF64-21EA-444D-BD8A-50CABD694341}.Release|x64.Build.0 = Release|Any CPU
		{4452FF64-21EA-444D-BD8A-50CABD694341}.Release|x86.ActiveCfg = Release|Any CPU
		{4452FF64-21EA-444D-BD8A-50CABD694341}.Release|x86.Build.0 = Release|Any CPU
	EndGlobalSection
	GlobalSection(SolutionProperties) = preSolution
		HideSolutionNode = FALSE
	EndGlobalSection
EndGlobal
